// !$*UTF8*$!
{
	archiveVersion = 1;
	classes = {
	};
	objectVersion = 51;
	objects = {

/* Begin PBXBuildFile section */
		9A246D2622F8565900B5EBFA /* AppDelegate.swift in Sources */ = {isa = PBXBuildFile; fileRef = 9A246D2522F8565900B5EBFA /* AppDelegate.swift */; };
		9A246D2822F8565900B5EBFA /* MapViewController.swift in Sources */ = {isa = PBXBuildFile; fileRef = 9A246D2722F8565900B5EBFA /* MapViewController.swift */; };
		9A246D2B22F8565900B5EBFA /* Map.storyboard in Resources */ = {isa = PBXBuildFile; fileRef = 9A246D2922F8565900B5EBFA /* Map.storyboard */; };
		9A246D2E22F8565900B5EBFA /* MapProject.xcdatamodeld in Sources */ = {isa = PBXBuildFile; fileRef = 9A246D2C22F8565900B5EBFA /* MapProject.xcdatamodeld */; };
		9A246D3022F8565B00B5EBFA /* Assets.xcassets in Resources */ = {isa = PBXBuildFile; fileRef = 9A246D2F22F8565B00B5EBFA /* Assets.xcassets */; };
		9A246D3322F8565B00B5EBFA /* LaunchScreen.storyboard in Resources */ = {isa = PBXBuildFile; fileRef = 9A246D3122F8565B00B5EBFA /* LaunchScreen.storyboard */; };
		9A3E6ED6230E9DD40043B025 /* Location.swift in Sources */ = {isa = PBXBuildFile; fileRef = 9A3E6ED5230E9DD40043B025 /* Location.swift */; };
		9A8135B0231BB7820066B69C /* Menu.storyboard in Resources */ = {isa = PBXBuildFile; fileRef = 9A8135AF231BB7820066B69C /* Menu.storyboard */; };
		9A8135B2231BB78F0066B69C /* MenuViewController.swift in Sources */ = {isa = PBXBuildFile; fileRef = 9A8135B1231BB78F0066B69C /* MenuViewController.swift */; };
		9A8135B5231BB8030066B69C /* ButtonHelper.swift in Sources */ = {isa = PBXBuildFile; fileRef = 9A8135B4231BB8030066B69C /* ButtonHelper.swift */; };
		9A8135B8231BBBF90066B69C /* DataManager.swift in Sources */ = {isa = PBXBuildFile; fileRef = 9A8135B7231BBBF90066B69C /* DataManager.swift */; };
		9AF1017A2304461200D7DAB5 /* RoutePath.swift in Sources */ = {isa = PBXBuildFile; fileRef = 9AF101792304461200D7DAB5 /* RoutePath.swift */; };
		9AF1017D23046A9D00D7DAB5 /* User.swift in Sources */ = {isa = PBXBuildFile; fileRef = 9AF1017C23046A9D00D7DAB5 /* User.swift */; };
		9AF1017F23046B0300D7DAB5 /* LoginViewController.swift in Sources */ = {isa = PBXBuildFile; fileRef = 9AF1017E23046B0300D7DAB5 /* LoginViewController.swift */; };
		9AF1018423046D5B00D7DAB5 /* AlertsHelper.swift in Sources */ = {isa = PBXBuildFile; fileRef = 9AF1018323046D5B00D7DAB5 /* AlertsHelper.swift */; };
		9AF1018623046ED100D7DAB5 /* Login.storyboard in Resources */ = {isa = PBXBuildFile; fileRef = 9AF1018523046ED100D7DAB5 /* Login.storyboard */; };
		F91EF6A531298560E65BC794 /* Pods_MapProject.framework in Frameworks */ = {isa = PBXBuildFile; fileRef = 674DC1B8C5CB588483AF220D /* Pods_MapProject.framework */; };
/* End PBXBuildFile section */

/* Begin PBXFileReference section */
		3F9AF2069FCE1A27C183B0B5 /* Pods-MapProject.release.xcconfig */ = {isa = PBXFileReference; includeInIndex = 1; lastKnownFileType = text.xcconfig; name = "Pods-MapProject.release.xcconfig"; path = "Target Support Files/Pods-MapProject/Pods-MapProject.release.xcconfig"; sourceTree = "<group>"; };
		64F38D44C22133FED1AB39CF /* Pods-MapProject.debug.xcconfig */ = {isa = PBXFileReference; includeInIndex = 1; lastKnownFileType = text.xcconfig; name = "Pods-MapProject.debug.xcconfig"; path = "Target Support Files/Pods-MapProject/Pods-MapProject.debug.xcconfig"; sourceTree = "<group>"; };
		674DC1B8C5CB588483AF220D /* Pods_MapProject.framework */ = {isa = PBXFileReference; explicitFileType = wrapper.framework; includeInIndex = 0; path = Pods_MapProject.framework; sourceTree = BUILT_PRODUCTS_DIR; };
		9A246D2222F8565900B5EBFA /* MapProject.app */ = {isa = PBXFileReference; explicitFileType = wrapper.application; includeInIndex = 0; path = MapProject.app; sourceTree = BUILT_PRODUCTS_DIR; };
		9A246D2522F8565900B5EBFA /* AppDelegate.swift */ = {isa = PBXFileReference; lastKnownFileType = sourcecode.swift; path = AppDelegate.swift; sourceTree = "<group>"; };
		9A246D2722F8565900B5EBFA /* MapViewController.swift */ = {isa = PBXFileReference; lastKnownFileType = sourcecode.swift; path = MapViewController.swift; sourceTree = "<group>"; };
		9A246D2A22F8565900B5EBFA /* Base */ = {isa = PBXFileReference; lastKnownFileType = file.storyboard; name = Base; path = Base.lproj/Map.storyboard; sourceTree = "<group>"; };
		9A246D2D22F8565900B5EBFA /* MapProject.xcdatamodel */ = {isa = PBXFileReference; lastKnownFileType = wrapper.xcdatamodel; path = MapProject.xcdatamodel; sourceTree = "<group>"; };
		9A246D2F22F8565B00B5EBFA /* Assets.xcassets */ = {isa = PBXFileReference; lastKnownFileType = folder.assetcatalog; path = Assets.xcassets; sourceTree = "<group>"; };
		9A246D3222F8565B00B5EBFA /* Base */ = {isa = PBXFileReference; lastKnownFileType = file.storyboard; name = Base; path = Base.lproj/LaunchScreen.storyboard; sourceTree = "<group>"; };
		9A246D3422F8565B00B5EBFA /* Info.plist */ = {isa = PBXFileReference; lastKnownFileType = text.plist.xml; path = Info.plist; sourceTree = "<group>"; };
		9A3E6ED5230E9DD40043B025 /* Location.swift */ = {isa = PBXFileReference; lastKnownFileType = sourcecode.swift; path = Location.swift; sourceTree = "<group>"; };
		9A8135AF231BB7820066B69C /* Menu.storyboard */ = {isa = PBXFileReference; lastKnownFileType = file.storyboard; path = Menu.storyboard; sourceTree = "<group>"; };
		9A8135B1231BB78F0066B69C /* MenuViewController.swift */ = {isa = PBXFileReference; lastKnownFileType = sourcecode.swift; path = MenuViewController.swift; sourceTree = "<group>"; };
		9A8135B4231BB8030066B69C /* ButtonHelper.swift */ = {isa = PBXFileReference; lastKnownFileType = sourcecode.swift; path = ButtonHelper.swift; sourceTree = "<group>"; };
		9A8135B7231BBBF90066B69C /* DataManager.swift */ = {isa = PBXFileReference; lastKnownFileType = sourcecode.swift; path = DataManager.swift; sourceTree = "<group>"; };
		9AF101792304461200D7DAB5 /* RoutePath.swift */ = {isa = PBXFileReference; lastKnownFileType = sourcecode.swift; path = RoutePath.swift; sourceTree = "<group>"; };
		9AF1017C23046A9D00D7DAB5 /* User.swift */ = {isa = PBXFileReference; lastKnownFileType = sourcecode.swift; path = User.swift; sourceTree = "<group>"; };
		9AF1017E23046B0300D7DAB5 /* LoginViewController.swift */ = {isa = PBXFileReference; lastKnownFileType = sourcecode.swift; path = LoginViewController.swift; sourceTree = "<group>"; };
		9AF1018323046D5B00D7DAB5 /* AlertsHelper.swift */ = {isa = PBXFileReference; lastKnownFileType = sourcecode.swift; path = AlertsHelper.swift; sourceTree = "<group>"; };
		9AF1018523046ED100D7DAB5 /* Login.storyboard */ = {isa = PBXFileReference; lastKnownFileType = file.storyboard; path = Login.storyboard; sourceTree = "<group>"; };
/* End PBXFileReference section */

/* Begin PBXFrameworksBuildPhase section */
		9A246D1F22F8565900B5EBFA /* Frameworks */ = {
			isa = PBXFrameworksBuildPhase;
			buildActionMask = 2147483647;
			files = (
				F91EF6A531298560E65BC794 /* Pods_MapProject.framework in Frameworks */,
			);
			runOnlyForDeploymentPostprocessing = 0;
		};
/* End PBXFrameworksBuildPhase section */

/* Begin PBXGroup section */
		89033AA1C5AB2D7F9465E44B /* Pods */ = {
			isa = PBXGroup;
			children = (
				64F38D44C22133FED1AB39CF /* Pods-MapProject.debug.xcconfig */,
				3F9AF2069FCE1A27C183B0B5 /* Pods-MapProject.release.xcconfig */,
			);
			path = Pods;
			sourceTree = "<group>";
		};
		9A246D1922F8565900B5EBFA = {
			isa = PBXGroup;
			children = (
				9A246D2422F8565900B5EBFA /* MapProject */,
				9A246D2322F8565900B5EBFA /* Products */,
				89033AA1C5AB2D7F9465E44B /* Pods */,
				A8309925E60371F5229E7F30 /* Frameworks */,
			);
			sourceTree = "<group>";
		};
		9A246D2322F8565900B5EBFA /* Products */ = {
			isa = PBXGroup;
			children = (
				9A246D2222F8565900B5EBFA /* MapProject.app */,
			);
			name = Products;
			sourceTree = "<group>";
		};
		9A246D2422F8565900B5EBFA /* MapProject */ = {
			isa = PBXGroup;
			children = (
				9A8135B6231BBBE30066B69C /* Manager */,
				9AF1018223046D4A00D7DAB5 /* App */,
				9AF10177230445D600D7DAB5 /* Helpers */,
				9AF10178230445F700D7DAB5 /* PresentationLayer */,
				9AF1017B2304461800D7DAB5 /* Model */,
			);
			path = MapProject;
			sourceTree = "<group>";
		};
		9A3E6ED7230E9E6A0043B025 /* Location */ = {
			isa = PBXGroup;
			children = (
				9A3E6ED5230E9DD40043B025 /* Location.swift */,
			);
			path = Location;
			sourceTree = "<group>";
		};
		9A8135B3231BB7930066B69C /* Menu */ = {
			isa = PBXGroup;
			children = (
				9A8135B1231BB78F0066B69C /* MenuViewController.swift */,
				9A8135AF231BB7820066B69C /* Menu.storyboard */,
			);
			path = Menu;
			sourceTree = "<group>";
		};
		9A8135B6231BBBE30066B69C /* Manager */ = {
			isa = PBXGroup;
			children = (
				9A8135B7231BBBF90066B69C /* DataManager.swift */,
			);
			path = Manager;
			sourceTree = "<group>";
		};
		9AF10176230445CC00D7DAB5 /* Map */ = {
			isa = PBXGroup;
			children = (
				9A246D2722F8565900B5EBFA /* MapViewController.swift */,
				9A246D2922F8565900B5EBFA /* Map.storyboard */,
			);
			path = Map;
			sourceTree = "<group>";
		};
		9AF10177230445D600D7DAB5 /* Helpers */ = {
			isa = PBXGroup;
			children = (
				9AF1018323046D5B00D7DAB5 /* AlertsHelper.swift */,
				9A8135B4231BB8030066B69C /* ButtonHelper.swift */,
			);
			path = Helpers;
			sourceTree = "<group>";
		};
		9AF10178230445F700D7DAB5 /* PresentationLayer */ = {
			isa = PBXGroup;
			children = (
				9AF10176230445CC00D7DAB5 /* Map */,
				9AF1018123046B2700D7DAB5 /* Login */,
				9A8135B3231BB7930066B69C /* Menu */,
			);
			path = PresentationLayer;
			sourceTree = "<group>";
		};
		9AF1017B2304461800D7DAB5 /* Model */ = {
			isa = PBXGroup;
			children = (
				9AF101792304461200D7DAB5 /* RoutePath.swift */,
				9AF1017C23046A9D00D7DAB5 /* User.swift */,
				9A3E6ED7230E9E6A0043B025 /* Location */,
			);
			path = Model;
			sourceTree = "<group>";
		};
		9AF1018123046B2700D7DAB5 /* Login */ = {
			isa = PBXGroup;
			children = (
				9AF1017E23046B0300D7DAB5 /* LoginViewController.swift */,
				9AF1018523046ED100D7DAB5 /* Login.storyboard */,
			);
			name = Login;
			path = MapProject/PresentationLayer/Login;
			sourceTree = SOURCE_ROOT;
		};
		9AF1018223046D4A00D7DAB5 /* App */ = {
			isa = PBXGroup;
			children = (
				9A246D3422F8565B00B5EBFA /* Info.plist */,
				9A246D2522F8565900B5EBFA /* AppDelegate.swift */,
				9A246D3122F8565B00B5EBFA /* LaunchScreen.storyboard */,
				9A246D2C22F8565900B5EBFA /* MapProject.xcdatamodeld */,
				9A246D2F22F8565B00B5EBFA /* Assets.xcassets */,
			);
			path = App;
			sourceTree = "<group>";
		};
		A8309925E60371F5229E7F30 /* Frameworks */ = {
			isa = PBXGroup;
			children = (
				674DC1B8C5CB588483AF220D /* Pods_MapProject.framework */,
			);
			name = Frameworks;
			sourceTree = "<group>";
		};
/* End PBXGroup section */

/* Begin PBXNativeTarget section */
		9A246D2122F8565900B5EBFA /* MapProject */ = {
			isa = PBXNativeTarget;
			buildConfigurationList = 9A246D3722F8565B00B5EBFA /* Build configuration list for PBXNativeTarget "MapProject" */;
			buildPhases = (
				5BFB9A7571B1C246826CB454 /* [CP] Check Pods Manifest.lock */,
				9A246D1E22F8565900B5EBFA /* Sources */,
				9A246D1F22F8565900B5EBFA /* Frameworks */,
				9A246D2022F8565900B5EBFA /* Resources */,
				C12CA9DB4976B5CA37DCDA92 /* [CP] Copy Pods Resources */,
				429273EA1EC27834BF507A50 /* [CP] Embed Pods Frameworks */,
			);
			buildRules = (
			);
			dependencies = (
			);
			name = MapProject;
			productName = MapProject;
			productReference = 9A246D2222F8565900B5EBFA /* MapProject.app */;
			productType = "com.apple.product-type.application";
		};
/* End PBXNativeTarget section */

/* Begin PBXProject section */
		9A246D1A22F8565900B5EBFA /* Project object */ = {
			isa = PBXProject;
			attributes = {
				LastSwiftUpdateCheck = 1020;
				LastUpgradeCheck = 1020;
				ORGANIZATIONNAME = "Арсений Дорогин";
				TargetAttributes = {
					9A246D2122F8565900B5EBFA = {
						CreatedOnToolsVersion = 10.2.1;
						SystemCapabilities = {
							com.apple.BackgroundModes = {
								enabled = 1;
							};
						};
					};
				};
			};
			buildConfigurationList = 9A246D1D22F8565900B5EBFA /* Build configuration list for PBXProject "MapProject" */;
			compatibilityVersion = "Xcode 9.3";
			developmentRegion = en;
			hasScannedForEncodings = 0;
			knownRegions = (
				en,
				Base,
			);
			mainGroup = 9A246D1922F8565900B5EBFA;
			productRefGroup = 9A246D2322F8565900B5EBFA /* Products */;
			projectDirPath = "";
			projectRoot = "";
			targets = (
				9A246D2122F8565900B5EBFA /* MapProject */,
			);
		};
/* End PBXProject section */

/* Begin PBXResourcesBuildPhase section */
		9A246D2022F8565900B5EBFA /* Resources */ = {
			isa = PBXResourcesBuildPhase;
			buildActionMask = 2147483647;
			files = (
				9A8135B0231BB7820066B69C /* Menu.storyboard in Resources */,
				9AF1018623046ED100D7DAB5 /* Login.storyboard in Resources */,
				9A246D3322F8565B00B5EBFA /* LaunchScreen.storyboard in Resources */,
				9A246D3022F8565B00B5EBFA /* Assets.xcassets in Resources */,
				9A246D2B22F8565900B5EBFA /* Map.storyboard in Resources */,
			);
			runOnlyForDeploymentPostprocessing = 0;
		};
/* End PBXResourcesBuildPhase section */

/* Begin PBXShellScriptBuildPhase section */
		429273EA1EC27834BF507A50 /* [CP] Embed Pods Frameworks */ = {
			isa = PBXShellScriptBuildPhase;
			buildActionMask = 2147483647;
			files = (
			);
			inputFileListPaths = (
				"${PODS_ROOT}/Target Support Files/Pods-MapProject/Pods-MapProject-frameworks-${CONFIGURATION}-input-files.xcfilelist",
			);
			name = "[CP] Embed Pods Frameworks";
			outputFileListPaths = (
				"${PODS_ROOT}/Target Support Files/Pods-MapProject/Pods-MapProject-frameworks-${CONFIGURATION}-output-files.xcfilelist",
			);
			runOnlyForDeploymentPostprocessing = 0;
			shellPath = /bin/sh;
			shellScript = "\"${PODS_ROOT}/Target Support Files/Pods-MapProject/Pods-MapProject-frameworks.sh\"\n";
			showEnvVarsInLog = 0;
		};
		5BFB9A7571B1C246826CB454 /* [CP] Check Pods Manifest.lock */ = {
			isa = PBXShellScriptBuildPhase;
			buildActionMask = 2147483647;
			files = (
			);
			inputFileListPaths = (
			);
			inputPaths = (
				"${PODS_PODFILE_DIR_PATH}/Podfile.lock",
				"${PODS_ROOT}/Manifest.lock",
			);
			name = "[CP] Check Pods Manifest.lock";
			outputFileListPaths = (
			);
			outputPaths = (
				"$(DERIVED_FILE_DIR)/Pods-MapProject-checkManifestLockResult.txt",
			);
			runOnlyForDeploymentPostprocessing = 0;
			shellPath = /bin/sh;
			shellScript = "diff \"${PODS_PODFILE_DIR_PATH}/Podfile.lock\" \"${PODS_ROOT}/Manifest.lock\" > /dev/null\nif [ $? != 0 ] ; then\n    # print error to STDERR\n    echo \"error: The sandbox is not in sync with the Podfile.lock. Run 'pod install' or update your CocoaPods installation.\" >&2\n    exit 1\nfi\n# This output is used by Xcode 'outputs' to avoid re-running this script phase.\necho \"SUCCESS\" > \"${SCRIPT_OUTPUT_FILE_0}\"\n";
			showEnvVarsInLog = 0;
		};
		C12CA9DB4976B5CA37DCDA92 /* [CP] Copy Pods Resources */ = {
			isa = PBXShellScriptBuildPhase;
			buildActionMask = 2147483647;
			files = (
			);
			inputFileListPaths = (
				"${PODS_ROOT}/Target Support Files/Pods-MapProject/Pods-MapProject-resources-${CONFIGURATION}-input-files.xcfilelist",
			);
			name = "[CP] Copy Pods Resources";
			outputFileListPaths = (
				"${PODS_ROOT}/Target Support Files/Pods-MapProject/Pods-MapProject-resources-${CONFIGURATION}-output-files.xcfilelist",
			);
			runOnlyForDeploymentPostprocessing = 0;
			shellPath = /bin/sh;
			shellScript = "\"${PODS_ROOT}/Target Support Files/Pods-MapProject/Pods-MapProject-resources.sh\"\n";
			showEnvVarsInLog = 0;
		};
/* End PBXShellScriptBuildPhase section */

/* Begin PBXSourcesBuildPhase section */
		9A246D1E22F8565900B5EBFA /* Sources */ = {
			isa = PBXSourcesBuildPhase;
			buildActionMask = 2147483647;
			files = (
				9AF1018423046D5B00D7DAB5 /* AlertsHelper.swift in Sources */,
				9AF1017F23046B0300D7DAB5 /* LoginViewController.swift in Sources */,
				9A3E6ED6230E9DD40043B025 /* Location.swift in Sources */,
				9A246D2E22F8565900B5EBFA /* MapProject.xcdatamodeld in Sources */,
				9A8135B2231BB78F0066B69C /* MenuViewController.swift in Sources */,
				9A246D2822F8565900B5EBFA /* MapViewController.swift in Sources */,
				9AF1017A2304461200D7DAB5 /* RoutePath.swift in Sources */,
				9AF1017D23046A9D00D7DAB5 /* User.swift in Sources */,
				9A8135B8231BBBF90066B69C /* DataManager.swift in Sources */,
				9A246D2622F8565900B5EBFA /* AppDelegate.swift in Sources */,
				9A8135B5231BB8030066B69C /* ButtonHelper.swift in Sources */,
			);
			runOnlyForDeploymentPostprocessing = 0;
		};
/* End PBXSourcesBuildPhase section */

/* Begin PBXVariantGroup section */
		9A246D2922F8565900B5EBFA /* Map.storyboard */ = {
			isa = PBXVariantGroup;
			children = (
				9A246D2A22F8565900B5EBFA /* Base */,
			);
			name = Map.storyboard;
			sourceTree = "<group>";
		};
		9A246D3122F8565B00B5EBFA /* LaunchScreen.storyboard */ = {
			isa = PBXVariantGroup;
			children = (
				9A246D3222F8565B00B5EBFA /* Base */,
			);
			name = LaunchScreen.storyboard;
			sourceTree = "<group>";
		};
/* End PBXVariantGroup section */

/* Begin XCBuildConfiguration section */
		9A246D3522F8565B00B5EBFA /* Debug */ = {
			isa = XCBuildConfiguration;
			buildSettings = {
				ALWAYS_SEARCH_USER_PATHS = NO;
				CLANG_ANALYZER_NONNULL = YES;
				CLANG_ANALYZER_NUMBER_OBJECT_CONVERSION = YES_AGGRESSIVE;
				CLANG_CXX_LANGUAGE_STANDARD = "gnu++14";
				CLANG_CXX_LIBRARY = "libc++";
				CLANG_ENABLE_MODULES = YES;
				CLANG_ENABLE_OBJC_ARC = YES;
				CLANG_ENABLE_OBJC_WEAK = YES;
				CLANG_WARN_BLOCK_CAPTURE_AUTORELEASING = YES;
				CLANG_WARN_BOOL_CONVERSION = YES;
				CLANG_WARN_COMMA = YES;
				CLANG_WARN_CONSTANT_CONVERSION = YES;
				CLANG_WARN_DEPRECATED_OBJC_IMPLEMENTATIONS = YES;
				CLANG_WARN_DIRECT_OBJC_ISA_USAGE = YES_ERROR;
				CLANG_WARN_DOCUMENTATION_COMMENTS = YES;
				CLANG_WARN_EMPTY_BODY = YES;
				CLANG_WARN_ENUM_CONVERSION = YES;
				CLANG_WARN_INFINITE_RECURSION = YES;
				CLANG_WARN_INT_CONVERSION = YES;
				CLANG_WARN_NON_LITERAL_NULL_CONVERSION = YES;
				CLANG_WARN_OBJC_IMPLICIT_RETAIN_SELF = YES;
				CLANG_WARN_OBJC_LITERAL_CONVERSION = YES;
				CLANG_WARN_OBJC_ROOT_CLASS = YES_ERROR;
				CLANG_WARN_RANGE_LOOP_ANALYSIS = YES;
				CLANG_WARN_STRICT_PROTOTYPES = YES;
				CLANG_WARN_SUSPICIOUS_MOVE = YES;
				CLANG_WARN_UNGUARDED_AVAILABILITY = YES_AGGRESSIVE;
				CLANG_WARN_UNREACHABLE_CODE = YES;
				CLANG_WARN__DUPLICATE_METHOD_MATCH = YES;
				CODE_SIGN_IDENTITY = "iPhone Developer";
				COPY_PHASE_STRIP = NO;
				DEBUG_INFORMATION_FORMAT = dwarf;
				ENABLE_STRICT_OBJC_MSGSEND = YES;
				ENABLE_TESTABILITY = YES;
				GCC_C_LANGUAGE_STANDARD = gnu11;
				GCC_DYNAMIC_NO_PIC = NO;
				GCC_NO_COMMON_BLOCKS = YES;
				GCC_OPTIMIZATION_LEVEL = 0;
				GCC_PREPROCESSOR_DEFINITIONS = (
					"DEBUG=1",
					"$(inherited)",
				);
				GCC_WARN_64_TO_32_BIT_CONVERSION = YES;
				GCC_WARN_ABOUT_RETURN_TYPE = YES_ERROR;
				GCC_WARN_UNDECLARED_SELECTOR = YES;
				GCC_WARN_UNINITIALIZED_AUTOS = YES_AGGRESSIVE;
				GCC_WARN_UNUSED_FUNCTION = YES;
				GCC_WARN_UNUSED_VARIABLE = YES;
				IPHONEOS_DEPLOYMENT_TARGET = 12.2;
				MTL_ENABLE_DEBUG_INFO = INCLUDE_SOURCE;
				MTL_FAST_MATH = YES;
				ONLY_ACTIVE_ARCH = YES;
				SDKROOT = iphoneos;
				SWIFT_ACTIVE_COMPILATION_CONDITIONS = DEBUG;
				SWIFT_OPTIMIZATION_LEVEL = "-Onone";
			};
			name = Debug;
		};
		9A246D3622F8565B00B5EBFA /* Release */ = {
			isa = XCBuildConfiguration;
			buildSettings = {
				ALWAYS_SEARCH_USER_PATHS = NO;
				CLANG_ANALYZER_NONNULL = YES;
				CLANG_ANALYZER_NUMBER_OBJECT_CONVERSION = YES_AGGRESSIVE;
				CLANG_CXX_LANGUAGE_STANDARD = "gnu++14";
				CLANG_CXX_LIBRARY = "libc++";
				CLANG_ENABLE_MODULES = YES;
				CLANG_ENABLE_OBJC_ARC = YES;
				CLANG_ENABLE_OBJC_WEAK = YES;
				CLANG_WARN_BLOCK_CAPTURE_AUTORELEASING = YES;
				CLANG_WARN_BOOL_CONVERSION = YES;
				CLANG_WARN_COMMA = YES;
				CLANG_WARN_CONSTANT_CONVERSION = YES;
				CLANG_WARN_DEPRECATED_OBJC_IMPLEMENTATIONS = YES;
				CLANG_WARN_DIRECT_OBJC_ISA_USAGE = YES_ERROR;
				CLANG_WARN_DOCUMENTATION_COMMENTS = YES;
				CLANG_WARN_EMPTY_BODY = YES;
				CLANG_WARN_ENUM_CONVERSION = YES;
				CLANG_WARN_INFINITE_RECURSION = YES;
				CLANG_WARN_INT_CONVERSION = YES;
				CLANG_WARN_NON_LITERAL_NULL_CONVERSION = YES;
				CLANG_WARN_OBJC_IMPLICIT_RETAIN_SELF = YES;
				CLANG_WARN_OBJC_LITERAL_CONVERSION = YES;
				CLANG_WARN_OBJC_ROOT_CLASS = YES_ERROR;
				CLANG_WARN_RANGE_LOOP_ANALYSIS = YES;
				CLANG_WARN_STRICT_PROTOTYPES = YES;
				CLANG_WARN_SUSPICIOUS_MOVE = YES;
				CLANG_WARN_UNGUARDED_AVAILABILITY = YES_AGGRESSIVE;
				CLANG_WARN_UNREACHABLE_CODE = YES;
				CLANG_WARN__DUPLICATE_METHOD_MATCH = YES;
				CODE_SIGN_IDENTITY = "iPhone Developer";
				COPY_PHASE_STRIP = NO;
				DEBUG_INFORMATION_FORMAT = "dwarf-with-dsym";
				ENABLE_NS_ASSERTIONS = NO;
				ENABLE_STRICT_OBJC_MSGSEND = YES;
				GCC_C_LANGUAGE_STANDARD = gnu11;
				GCC_NO_COMMON_BLOCKS = YES;
				GCC_WARN_64_TO_32_BIT_CONVERSION = YES;
				GCC_WARN_ABOUT_RETURN_TYPE = YES_ERROR;
				GCC_WARN_UNDECLARED_SELECTOR = YES;
				GCC_WARN_UNINITIALIZED_AUTOS = YES_AGGRESSIVE;
				GCC_WARN_UNUSED_FUNCTION = YES;
				GCC_WARN_UNUSED_VARIABLE = YES;
				IPHONEOS_DEPLOYMENT_TARGET = 12.2;
				MTL_ENABLE_DEBUG_INFO = NO;
				MTL_FAST_MATH = YES;
				SDKROOT = iphoneos;
				SWIFT_COMPILATION_MODE = wholemodule;
				SWIFT_OPTIMIZATION_LEVEL = "-O";
				VALIDATE_PRODUCT = YES;
			};
			name = Release;
		};
		9A246D3822F8565B00B5EBFA /* Debug */ = {
			isa = XCBuildConfiguration;
			baseConfigurationReference = 64F38D44C22133FED1AB39CF /* Pods-MapProject.debug.xcconfig */;
			buildSettings = {
				ASSETCATALOG_COMPILER_APPICON_NAME = AppIcon;
				CODE_SIGN_STYLE = Automatic;
				DEVELOPMENT_TEAM = 623JYZ98ZP;
				INFOPLIST_FILE = "$(SRCROOT)/MapProject/App/Info.plist";
				LD_RUNPATH_SEARCH_PATHS = (
					"$(inherited)",
					"@executable_path/Frameworks",
				);
				PRODUCT_BUNDLE_IDENTIFIER = AVSI.MapProject;
				PRODUCT_NAME = "$(TARGET_NAME)";
				SWIFT_VERSION = 5.0;
				TARGETED_DEVICE_FAMILY = "1,2";
			};
			name = Debug;
		};
		9A246D3922F8565B00B5EBFA /* Release */ = {
			isa = XCBuildConfiguration;
			baseConfigurationReference = 3F9AF2069FCE1A27C183B0B5 /* Pods-MapProject.release.xcconfig */;
			buildSettings = {
				ASSETCATALOG_COMPILER_APPICON_NAME = AppIcon;
				CODE_SIGN_STYLE = Automatic;
				DEVELOPMENT_TEAM = 623JYZ98ZP;
				INFOPLIST_FILE = "$(SRCROOT)/MapProject/App/Info.plist";
				LD_RUNPATH_SEARCH_PATHS = (
					"$(inherited)",
					"@executable_path/Frameworks",
				);
				PRODUCT_BUNDLE_IDENTIFIER = AVSI.MapProject;
				PRODUCT_NAME = "$(TARGET_NAME)";
				SWIFT_VERSION = 5.0;
				TARGETED_DEVICE_FAMILY = "1,2";
			};
			name = Release;
		};
/* End XCBuildConfiguration section */

/* Begin XCConfigurationList section */
		9A246D1D22F8565900B5EBFA /* Build configuration list for PBXProject "MapProject" */ = {
			isa = XCConfigurationList;
			buildConfigurations = (
				9A246D3522F8565B00B5EBFA /* Debug */,
				9A246D3622F8565B00B5EBFA /* Release */,
			);
			defaultConfigurationIsVisible = 0;
			defaultConfigurationName = Release;
		};
		9A246D3722F8565B00B5EBFA /* Build configuration list for PBXNativeTarget "MapProject" */ = {
			isa = XCConfigurationList;
			buildConfigurations = (
				9A246D3822F8565B00B5EBFA /* Debug */,
				9A246D3922F8565B00B5EBFA /* Release */,
			);
			defaultConfigurationIsVisible = 0;
			defaultConfigurationName = Release;
		};
/* End XCConfigurationList section */

/* Begin XCVersionGroup section */
		9A246D2C22F8565900B5EBFA /* MapProject.xcdatamodeld */ = {
			isa = XCVersionGroup;
			children = (
				9A246D2D22F8565900B5EBFA /* MapProject.xcdatamodel */,
			);
			currentVersion = 9A246D2D22F8565900B5EBFA /* MapProject.xcdatamodel */;
			path = MapProject.xcdatamodeld;
			sourceTree = "<group>";
			versionGroupType = wrapper.xcdatamodel;
		};
/* End XCVersionGroup section */
	};
	rootObject = 9A246D1A22F8565900B5EBFA /* Project object */;
}
